// !$*UTF8*$!
{
	archiveVersion = 1;
	classes = {
	};
	objectVersion = 46;
	objects = {

/* Begin PBXBuildFile section */
		02FCA4521BBF310D00E5BEF5 /* GameScene.swift in Sources */ = {isa = PBXBuildFile; fileRef = 02FCA4511BBF310D00E5BEF5 /* GameScene.swift */; settings = {ASSET_TAGS = (); }; };
		14B715841BCDC4FA00E74BCE /* Platform.swift in Sources */ = {isa = PBXBuildFile; fileRef = 14B715831BCDC4FA00E74BCE /* Platform.swift */; settings = {ASSET_TAGS = (); }; };
		A8D9E3651BBCA958005B2719 /* AppDelegate.swift in Sources */ = {isa = PBXBuildFile; fileRef = A8D9E3641BBCA958005B2719 /* AppDelegate.swift */; };
		A8D9E3671BBCA958005B2719 /* art.scnassets in Resources */ = {isa = PBXBuildFile; fileRef = A8D9E3661BBCA958005B2719 /* art.scnassets */; };
		A8D9E3691BBCA958005B2719 /* GameViewController.swift in Sources */ = {isa = PBXBuildFile; fileRef = A8D9E3681BBCA958005B2719 /* GameViewController.swift */; };
		A8D9E36C1BBCA958005B2719 /* Main.storyboard in Resources */ = {isa = PBXBuildFile; fileRef = A8D9E36A1BBCA958005B2719 /* Main.storyboard */; };
		A8D9E36E1BBCA958005B2719 /* Assets.xcassets in Resources */ = {isa = PBXBuildFile; fileRef = A8D9E36D1BBCA958005B2719 /* Assets.xcassets */; };
		A8D9E3711BBCA958005B2719 /* LaunchScreen.storyboard in Resources */ = {isa = PBXBuildFile; fileRef = A8D9E36F1BBCA958005B2719 /* LaunchScreen.storyboard */; };
		A8D9E37C1BBCA958005B2719 /* PodDropTests.swift in Sources */ = {isa = PBXBuildFile; fileRef = A8D9E37B1BBCA958005B2719 /* PodDropTests.swift */; };
/* End PBXBuildFile section */

/* Begin PBXContainerItemProxy section */
		A8D9E3781BBCA958005B2719 /* PBXContainerItemProxy */ = {
			isa = PBXContainerItemProxy;
			containerPortal = A8D9E3591BBCA958005B2719 /* Project object */;
			proxyType = 1;
			remoteGlobalIDString = A8D9E3601BBCA958005B2719;
			remoteInfo = PodDrop;
		};
/* End PBXContainerItemProxy section */

/* Begin PBXFileReference section */
		02FCA4511BBF310D00E5BEF5 /* GameScene.swift */ = {isa = PBXFileReference; fileEncoding = 4; lastKnownFileType = sourcecode.swift; path = GameScene.swift; sourceTree = "<group>"; };
		14B715831BCDC4FA00E74BCE /* Platform.swift */ = {isa = PBXFileReference; fileEncoding = 4; lastKnownFileType = sourcecode.swift; path = Platform.swift; sourceTree = "<group>"; };
		A8D9E3611BBCA958005B2719 /* PodDrop.app */ = {isa = PBXFileReference; explicitFileType = wrapper.application; includeInIndex = 0; path = PodDrop.app; sourceTree = BUILT_PRODUCTS_DIR; };
		A8D9E3641BBCA958005B2719 /* AppDelegate.swift */ = {isa = PBXFileReference; lastKnownFileType = sourcecode.swift; path = AppDelegate.swift; sourceTree = "<group>"; };
		A8D9E3661BBCA958005B2719 /* art.scnassets */ = {isa = PBXFileReference; lastKnownFileType = wrapper.scnassets; path = art.scnassets; sourceTree = "<group>"; };
		A8D9E3681BBCA958005B2719 /* GameViewController.swift */ = {isa = PBXFileReference; lastKnownFileType = sourcecode.swift; path = GameViewController.swift; sourceTree = "<group>"; };
		A8D9E36B1BBCA958005B2719 /* Base */ = {isa = PBXFileReference; lastKnownFileType = file.storyboard; name = Base; path = Base.lproj/Main.storyboard; sourceTree = "<group>"; };
		A8D9E36D1BBCA958005B2719 /* Assets.xcassets */ = {isa = PBXFileReference; lastKnownFileType = folder.assetcatalog; path = Assets.xcassets; sourceTree = "<group>"; };
		A8D9E3701BBCA958005B2719 /* Base */ = {isa = PBXFileReference; lastKnownFileType = file.storyboard; name = Base; path = Base.lproj/LaunchScreen.storyboard; sourceTree = "<group>"; };
		A8D9E3721BBCA958005B2719 /* Info.plist */ = {isa = PBXFileReference; lastKnownFileType = text.plist.xml; path = Info.plist; sourceTree = "<group>"; };
		A8D9E3771BBCA958005B2719 /* PodDropTests.xctest */ = {isa = PBXFileReference; explicitFileType = wrapper.cfbundle; includeInIndex = 0; path = PodDropTests.xctest; sourceTree = BUILT_PRODUCTS_DIR; };
		A8D9E37B1BBCA958005B2719 /* PodDropTests.swift */ = {isa = PBXFileReference; lastKnownFileType = sourcecode.swift; path = PodDropTests.swift; sourceTree = "<group>"; };
		A8D9E37D1BBCA958005B2719 /* Info.plist */ = {isa = PBXFileReference; lastKnownFileType = text.plist.xml; path = Info.plist; sourceTree = "<group>"; };
/* End PBXFileReference section */

/* Begin PBXFrameworksBuildPhase section */
		A8D9E35E1BBCA958005B2719 /* Frameworks */ = {
			isa = PBXFrameworksBuildPhase;
			buildActionMask = 2147483647;
			files = (
			);
			runOnlyForDeploymentPostprocessing = 0;
		};
		A8D9E3741BBCA958005B2719 /* Frameworks */ = {
			isa = PBXFrameworksBuildPhase;
			buildActionMask = 2147483647;
			files = (
			);
			runOnlyForDeploymentPostprocessing = 0;
		};
/* End PBXFrameworksBuildPhase section */

/* Begin PBXGroup section */
		A8D9E3581BBCA958005B2719 = {
			isa = PBXGroup;
			children = (
				A8D9E3631BBCA958005B2719 /* PodDrop */,
				A8D9E37A1BBCA958005B2719 /* PodDropTests */,
				A8D9E3621BBCA958005B2719 /* Products */,
			);
			sourceTree = "<group>";
		};
		A8D9E3621BBCA958005B2719 /* Products */ = {
			isa = PBXGroup;
			children = (
				A8D9E3611BBCA958005B2719 /* PodDrop.app */,
				A8D9E3771BBCA958005B2719 /* PodDropTests.xctest */,
			);
			name = Products;
			sourceTree = "<group>";
		};
		A8D9E3631BBCA958005B2719 /* PodDrop */ = {
			isa = PBXGroup;
			children = (
				A8D9E3641BBCA958005B2719 /* AppDelegate.swift */,
				A8D9E3661BBCA958005B2719 /* art.scnassets */,
				A8D9E3681BBCA958005B2719 /* GameViewController.swift */,
				02FCA4511BBF310D00E5BEF5 /* GameScene.swift */,
				14B715831BCDC4FA00E74BCE /* Platform.swift */,
				A8D9E36A1BBCA958005B2719 /* Main.storyboard */,
				A8D9E36D1BBCA958005B2719 /* Assets.xcassets */,
				A8D9E36F1BBCA958005B2719 /* LaunchScreen.storyboard */,
				A8D9E3721BBCA958005B2719 /* Info.plist */,
			);
			path = PodDrop;
			sourceTree = "<group>";
		};
		A8D9E37A1BBCA958005B2719 /* PodDropTests */ = {
			isa = PBXGroup;
			children = (
				A8D9E37B1BBCA958005B2719 /* PodDropTests.swift */,
				A8D9E37D1BBCA958005B2719 /* Info.plist */,
			);
			path = PodDropTests;
			sourceTree = "<group>";
		};
/* End PBXGroup section */

/* Begin PBXNativeTarget section */
		A8D9E3601BBCA958005B2719 /* PodDrop */ = {
			isa = PBXNativeTarget;
			buildConfigurationList = A8D9E38B1BBCA958005B2719 /* Build configuration list for PBXNativeTarget "PodDrop" */;
			buildPhases = (
				A8D9E35D1BBCA958005B2719 /* Sources */,
				A8D9E35E1BBCA958005B2719 /* Frameworks */,
				A8D9E35F1BBCA958005B2719 /* Resources */,
			);
			buildRules = (
			);
			dependencies = (
			);
			name = PodDrop;
			productName = PodDrop;
			productReference = A8D9E3611BBCA958005B2719 /* PodDrop.app */;
			productType = "com.apple.product-type.application";
		};
		A8D9E3761BBCA958005B2719 /* PodDropTests */ = {
			isa = PBXNativeTarget;
			buildConfigurationList = A8D9E38E1BBCA958005B2719 /* Build configuration list for PBXNativeTarget "PodDropTests" */;
			buildPhases = (
				A8D9E3731BBCA958005B2719 /* Sources */,
				A8D9E3741BBCA958005B2719 /* Frameworks */,
				A8D9E3751BBCA958005B2719 /* Resources */,
			);
			buildRules = (
			);
			dependencies = (
				A8D9E3791BBCA958005B2719 /* PBXTargetDependency */,
			);
			name = PodDropTests;
			productName = PodDropTests;
			productReference = A8D9E3771BBCA958005B2719 /* PodDropTests.xctest */;
			productType = "com.apple.product-type.bundle.unit-test";
		};
/* End PBXNativeTarget section */

/* Begin PBXProject section */
		A8D9E3591BBCA958005B2719 /* Project object */ = {
			isa = PBXProject;
			attributes = {
				LastSwiftUpdateCheck = 0710;
				LastUpgradeCheck = 0700;
				ORGANIZATIONNAME = iOSDevCon1;
				TargetAttributes = {
					A8D9E3601BBCA958005B2719 = {
						CreatedOnToolsVersion = 7.0;
					};
					A8D9E3761BBCA958005B2719 = {
						CreatedOnToolsVersion = 7.0;
						DevelopmentTeam = GDB3SZ2MTH;
						TestTargetID = A8D9E3601BBCA958005B2719;
					};
				};
			};
			buildConfigurationList = A8D9E35C1BBCA958005B2719 /* Build configuration list for PBXProject "PodDrop" */;
			compatibilityVersion = "Xcode 3.2";
			developmentRegion = English;
			hasScannedForEncodings = 0;
			knownRegions = (
				en,
				Base,
			);
			mainGroup = A8D9E3581BBCA958005B2719;
			productRefGroup = A8D9E3621BBCA958005B2719 /* Products */;
			projectDirPath = "";
			projectRoot = "";
			targets = (
				A8D9E3601BBCA958005B2719 /* PodDrop */,
				A8D9E3761BBCA958005B2719 /* PodDropTests */,
			);
		};
/* End PBXProject section */

/* Begin PBXResourcesBuildPhase section */
		A8D9E35F1BBCA958005B2719 /* Resources */ = {
			isa = PBXResourcesBuildPhase;
			buildActionMask = 2147483647;
			files = (
				A8D9E3671BBCA958005B2719 /* art.scnassets in Resources */,
				A8D9E3711BBCA958005B2719 /* LaunchScreen.storyboard in Resources */,
				A8D9E36E1BBCA958005B2719 /* Assets.xcassets in Resources */,
				A8D9E36C1BBCA958005B2719 /* Main.storyboard in Resources */,
			);
			runOnlyForDeploymentPostprocessing = 0;
		};
		A8D9E3751BBCA958005B2719 /* Resources */ = {
			isa = PBXResourcesBuildPhase;
			buildActionMask = 2147483647;
			files = (
			);
			runOnlyForDeploymentPostprocessing = 0;
		};
/* End PBXResourcesBuildPhase section */

/* Begin PBXSourcesBuildPhase section */
		A8D9E35D1BBCA958005B2719 /* Sources */ = {
			isa = PBXSourcesBuildPhase;
			buildActionMask = 2147483647;
			files = (
				02FCA4521BBF310D00E5BEF5 /* GameScene.swift in Sources */,
				A8D9E3691BBCA958005B2719 /* GameViewController.swift in Sources */,
				14B715841BCDC4FA00E74BCE /* Platform.swift in Sources */,
				A8D9E3651BBCA958005B2719 /* AppDelegate.swift in Sources */,
			);
			runOnlyForDeploymentPostprocessing = 0;
		};
		A8D9E3731BBCA958005B2719 /* Sources */ = {
			isa = PBXSourcesBuildPhase;
			buildActionMask = 2147483647;
			files = (
				A8D9E37C1BBCA958005B2719 /* PodDropTests.swift in Sources */,
			);
			runOnlyForDeploymentPostprocessing = 0;
		};
/* End PBXSourcesBuildPhase section */

/* Begin PBXTargetDependency section */
		A8D9E3791BBCA958005B2719 /* PBXTargetDependency */ = {
			isa = PBXTargetDependency;
			target = A8D9E3601BBCA958005B2719 /* PodDrop */;
			targetProxy = A8D9E3781BBCA958005B2719 /* PBXContainerItemProxy */;
		};
/* End PBXTargetDependency section */

/* Begin PBXVariantGroup section */
		A8D9E36A1BBCA958005B2719 /* Main.storyboard */ = {
			isa = PBXVariantGroup;
			children = (
				A8D9E36B1BBCA958005B2719 /* Base */,
			);
			name = Main.storyboard;
			sourceTree = "<group>";
		};
		A8D9E36F1BBCA958005B2719 /* LaunchScreen.storyboard */ = {
			isa = PBXVariantGroup;
			children = (
				A8D9E3701BBCA958005B2719 /* Base */,
			);
			name = LaunchScreen.storyboard;
			sourceTree = "<group>";
		};
/* End PBXVariantGroup section */

/* Begin XCBuildConfiguration section */
		A8D9E3891BBCA958005B2719 /* Debug */ = {
			isa = XCBuildConfiguration;
			buildSettings = {
				ALWAYS_SEARCH_USER_PATHS = NO;
				CLANG_CXX_LANGUAGE_STANDARD = "gnu++0x";
				CLANG_CXX_LIBRARY = "libc++";
				CLANG_ENABLE_MODULES = YES;
				CLANG_ENABLE_OBJC_ARC = YES;
				CLANG_WARN_BOOL_CONVERSION = YES;
				CLANG_WARN_CONSTANT_CONVERSION = YES;
				CLANG_WARN_DIRECT_OBJC_ISA_USAGE = YES_ERROR;
				CLANG_WARN_EMPTY_BODY = YES;
				CLANG_WARN_ENUM_CONVERSION = YES;
				CLANG_WARN_INT_CONVERSION = YES;
				CLANG_WARN_OBJC_ROOT_CLASS = YES_ERROR;
				CLANG_WARN_UNREACHABLE_CODE = YES;
				CLANG_WARN__DUPLICATE_METHOD_MATCH = YES;
				"CODE_SIGN_IDENTITY[sdk=iphoneos*]" = "iPhone Developer";
				COPY_PHASE_STRIP = NO;
				DEBUG_INFORMATION_FORMAT = "dwarf-with-dsym";
				ENABLE_STRICT_OBJC_MSGSEND = YES;
				ENABLE_TESTABILITY = YES;
				GCC_C_LANGUAGE_STANDARD = gnu99;
				GCC_DYNAMIC_NO_PIC = NO;
				GCC_NO_COMMON_BLOCKS = YES;
				GCC_OPTIMIZATION_LEVEL = 0;
				GCC_PREPROCESSOR_DEFINITIONS = (
					"DEBUG=1",
					"$(inherited)",
				);
				GCC_WARN_64_TO_32_BIT_CONVERSION = YES;
				GCC_WARN_ABOUT_RETURN_TYPE = YES_ERROR;
				GCC_WARN_UNDECLARED_SELECTOR = YES;
				GCC_WARN_UNINITIALIZED_AUTOS = YES_AGGRESSIVE;
				GCC_WARN_UNUSED_FUNCTION = YES;
				GCC_WARN_UNUSED_VARIABLE = YES;
				IPHONEOS_DEPLOYMENT_TARGET = 9.0;
				MTL_ENABLE_DEBUG_INFO = YES;
				ONLY_ACTIVE_ARCH = YES;
				SDKROOT = iphoneos;
				SWIFT_OPTIMIZATION_LEVEL = "-Onone";
			};
			name = Debug;
		};
		A8D9E38A1BBCA958005B2719 /* Release */ = {
			isa = XCBuildConfiguration;
			buildSettings = {
				ALWAYS_SEARCH_USER_PATHS = NO;
				CLANG_CXX_LANGUAGE_STANDARD = "gnu++0x";
				CLANG_CXX_LIBRARY = "libc++";
				CLANG_ENABLE_MODULES = YES;
				CLANG_ENABLE_OBJC_ARC = YES;
				CLANG_WARN_BOOL_CONVERSION = YES;
				CLANG_WARN_CONSTANT_CONVERSION = YES;
				CLANG_WARN_DIRECT_OBJC_ISA_USAGE = YES_ERROR;
				CLANG_WARN_EMPTY_BODY = YES;
				CLANG_WARN_ENUM_CONVERSION = YES;
				CLANG_WARN_INT_CONVERSION = YES;
				CLANG_WARN_OBJC_ROOT_CLASS = YES_ERROR;
				CLANG_WARN_UNREACHABLE_CODE = YES;
				CLANG_WARN__DUPLICATE_METHOD_MATCH = YES;
				"CODE_SIGN_IDENTITY[sdk=iphoneos*]" = "iPhone Developer";
				COPY_PHASE_STRIP = NO;
				DEBUG_INFORMATION_FORMAT = "dwarf-with-dsym";
				ENABLE_NS_ASSERTIONS = NO;
				ENABLE_STRICT_OBJC_MSGSEND = YES;
				GCC_C_LANGUAGE_STANDARD = gnu99;
				GCC_NO_COMMON_BLOCKS = YES;
				GCC_WARN_64_TO_32_BIT_CONVERSION = YES;
				GCC_WARN_ABOUT_RETURN_TYPE = YES_ERROR;
				GCC_WARN_UNDECLARED_SELECTOR = YES;
				GCC_WARN_UNINITIALIZED_AUTOS = YES_AGGRESSIVE;
				GCC_WARN_UNUSED_FUNCTION = YES;
				GCC_WARN_UNUSED_VARIABLE = YES;
				IPHONEOS_DEPLOYMENT_TARGET = 9.0;
				MTL_ENABLE_DEBUG_INFO = NO;
				SDKROOT = iphoneos;
				VALIDATE_PRODUCT = YES;
			};
			name = Release;
		};
		A8D9E38C1BBCA958005B2719 /* Debug */ = {
			isa = XCBuildConfiguration;
			buildSettings = {
				ASSETCATALOG_COMPILER_APPICON_NAME = AppIcon;
				CODE_SIGN_IDENTITY = "iPhone Developer";
				"CODE_SIGN_IDENTITY[sdk=iphoneos*]" = "iPhone Developer";
				INFOPLIST_FILE = PodDrop/Info.plist;
				LD_RUNPATH_SEARCH_PATHS = "$(inherited) @executable_path/Frameworks";
				PRODUCT_BUNDLE_IDENTIFIER = com.iOSDevCon1.PodDrop;
				PRODUCT_NAME = "$(TARGET_NAME)";
				PROVISIONING_PROFILE = "";
			};
			name = Debug;
		};
		A8D9E38D1BBCA958005B2719 /* Release */ = {
			isa = XCBuildConfiguration;
			buildSettings = {
				ASSETCATALOG_COMPILER_APPICON_NAME = AppIcon;
				CODE_SIGN_IDENTITY = "iPhone Developer";
				"CODE_SIGN_IDENTITY[sdk=iphoneos*]" = "iPhone Developer";
				INFOPLIST_FILE = PodDrop/Info.plist;
				LD_RUNPATH_SEARCH_PATHS = "$(inherited) @executable_path/Frameworks";
				PRODUCT_BUNDLE_IDENTIFIER = com.iOSDevCon1.PodDrop;
				PRODUCT_NAME = "$(TARGET_NAME)";
				PROVISIONING_PROFILE = "";
			};
			name = Release;
		};
		A8D9E38F1BBCA958005B2719 /* Debug */ = {
			isa = XCBuildConfiguration;
			buildSettings = {
				BUNDLE_LOADER = "$(TEST_HOST)";
				DEBUG_INFORMATION_FORMAT = dwarf;
				INFOPLIST_FILE = PodDropTests/Info.plist;
				LD_RUNPATH_SEARCH_PATHS = "$(inherited) @executable_path/Frameworks @loader_path/Frameworks";
				PRODUCT_BUNDLE_IDENTIFIER = HAM.PodDropTests;
				PRODUCT_NAME = "$(TARGET_NAME)";
				TEST_HOST = "$(BUILT_PRODUCTS_DIR)/PodDrop.app/PodDrop";
			};
			name = Debug;
		};
		A8D9E3901BBCA958005B2719 /* Release */ = {
			isa = XCBuildConfiguration;
			buildSettings = {
				BUNDLE_LOADER = "$(TEST_HOST)";
				INFOPLIST_FILE = PodDropTests/Info.plist;
				LD_RUNPATH_SEARCH_PATHS = "$(inherited) @executable_path/Frameworks @loader_path/Frameworks";
				PRODUCT_BUNDLE_IDENTIFIER = HAM.PodDropTests;
				PRODUCT_NAME = "$(TARGET_NAME)";
				TEST_HOST = "$(BUILT_PRODUCTS_DIR)/PodDrop.app/PodDrop";
			};
			name = Release;
		};
/* End XCBuildConfiguration section */

/* Begin XCConfigurationList section */
		A8D9E35C1BBCA958005B2719 /* Build configuration list for PBXProject "PodDrop" */ = {
			isa = XCConfigurationList;
			buildConfigurations = (
				A8D9E3891BBCA958005B2719 /* Debug */,
				A8D9E38A1BBCA958005B2719 /* Release */,
			);
			defaultConfigurationIsVisible = 0;
			defaultConfigurationName = Release;
		};
		A8D9E38B1BBCA958005B2719 /* Build configuration list for PBXNativeTarget "PodDrop" */ = {
			isa = XCConfigurationList;
			buildConfigurations = (
				A8D9E38C1BBCA958005B2719 /* Debug */,
				A8D9E38D1BBCA958005B2719 /* Release */,
			);
			defaultConfigurationIsVisible = 0;
			defaultConfigurationName = Release;
		};
		A8D9E38E1BBCA958005B2719 /* Build configuration list for PBXNativeTarget "PodDropTests" */ = {
			isa = XCConfigurationList;
			buildConfigurations = (
				A8D9E38F1BBCA958005B2719 /* Debug */,
				A8D9E3901BBCA958005B2719 /* Release */,
			);
			defaultConfigurationIsVisible = 0;
			defaultConfigurationName = Release;
		};
/* End XCConfigurationList section */
	};
	rootObject = A8D9E3591BBCA958005B2719 /* Project object */;
}
