// !$*UTF8*$!
{
	archiveVersion = 1;
	classes = {
	};
	objectVersion = 46;
	objects = {

/* Begin PBXBuildFile section */
		020FEA811BD2CE3000B97B00 /* Boundary.swift in Sources */ = {isa = PBXBuildFile; fileRef = 020FEA801BD2CE3000B97B00 /* Boundary.swift */; };
		02C5DC7C1BDD4F020003862D /* Pod.swift in Sources */ = {isa = PBXBuildFile; fileRef = 02C5DC7B1BDD4F020003862D /* Pod.swift */; };
		02C5DC801BDD572D0003862D /* PodDrop.swift in Sources */ = {isa = PBXBuildFile; fileRef = 02C5DC7F1BDD572D0003862D /* PodDrop.swift */; };
		02FCA4521BBF310D00E5BEF5 /* GameScene.swift in Sources */ = {isa = PBXBuildFile; fileRef = 02FCA4511BBF310D00E5BEF5 /* GameScene.swift */; };
		14B715841BCDC4FA00E74BCE /* Platform.swift in Sources */ = {isa = PBXBuildFile; fileRef = 14B715831BCDC4FA00E74BCE /* Platform.swift */; };
		A8D9E3651BBCA958005B2719 /* AppDelegate.swift in Sources */ = {isa = PBXBuildFile; fileRef = A8D9E3641BBCA958005B2719 /* AppDelegate.swift */; };
		A8D9E3691BBCA958005B2719 /* GameViewController.swift in Sources */ = {isa = PBXBuildFile; fileRef = A8D9E3681BBCA958005B2719 /* GameViewController.swift */; };
		A8D9E36C1BBCA958005B2719 /* Main.storyboard in Resources */ = {isa = PBXBuildFile; fileRef = A8D9E36A1BBCA958005B2719 /* Main.storyboard */; };
		A8D9E36E1BBCA958005B2719 /* Assets.xcassets in Resources */ = {isa = PBXBuildFile; fileRef = A8D9E36D1BBCA958005B2719 /* Assets.xcassets */; };
		A8D9E3711BBCA958005B2719 /* LaunchScreen.storyboard in Resources */ = {isa = PBXBuildFile; fileRef = A8D9E36F1BBCA958005B2719 /* LaunchScreen.storyboard */; };
		A8D9E37C1BBCA958005B2719 /* PodDropTests.swift in Sources */ = {isa = PBXBuildFile; fileRef = A8D9E37B1BBCA958005B2719 /* PodDropTests.swift */; };
		B325CBDBA58987B77A432DAF /* libPods-PodDrop.a in Frameworks */ = {isa = PBXBuildFile; fileRef = AF1C2E4F849D224B546F98EC /* libPods-PodDrop.a */; };
/* End PBXBuildFile section */

/* Begin PBXContainerItemProxy section */
		A8D9E3781BBCA958005B2719 /* PBXContainerItemProxy */ = {
			isa = PBXContainerItemProxy;
			containerPortal = A8D9E3591BBCA958005B2719 /* Project object */;
			proxyType = 1;
			remoteGlobalIDString = A8D9E3601BBCA958005B2719;
			remoteInfo = PodDrop;
		};
/* End PBXContainerItemProxy section */

/* Begin PBXFileReference section */
		020FEA801BD2CE3000B97B00 /* Boundary.swift */ = {isa = PBXFileReference; fileEncoding = 4; lastKnownFileType = sourcecode.swift; path = Boundary.swift; sourceTree = "<group>"; };
		02C5DC7B1BDD4F020003862D /* Pod.swift */ = {isa = PBXFileReference; fileEncoding = 4; lastKnownFileType = sourcecode.swift; path = Pod.swift; sourceTree = "<group>"; };
		02C5DC7F1BDD572D0003862D /* PodDrop.swift */ = {isa = PBXFileReference; fileEncoding = 4; lastKnownFileType = sourcecode.swift; path = PodDrop.swift; sourceTree = SOURCE_ROOT; };
		02FCA4511BBF310D00E5BEF5 /* GameScene.swift */ = {isa = PBXFileReference; fileEncoding = 4; lastKnownFileType = sourcecode.swift; path = GameScene.swift; sourceTree = "<group>"; };
		14B715831BCDC4FA00E74BCE /* Platform.swift */ = {isa = PBXFileReference; fileEncoding = 4; lastKnownFileType = sourcecode.swift; path = Platform.swift; sourceTree = "<group>"; };
		9D2322ED1718658B8BC6F34A /* Pods-PodDrop.release.xcconfig */ = {isa = PBXFileReference; includeInIndex = 1; lastKnownFileType = text.xcconfig; name = "Pods-PodDrop.release.xcconfig"; path = "Pods/Target Support Files/Pods-PodDrop/Pods-PodDrop.release.xcconfig"; sourceTree = "<group>"; };
		A8D07A061BF7ABB100C40A28 /* Bridging-Header.h */ = {isa = PBXFileReference; lastKnownFileType = sourcecode.c.h; path = "Bridging-Header.h"; sourceTree = "<group>"; };
		A8D9E3611BBCA958005B2719 /* PodDrop.app */ = {isa = PBXFileReference; explicitFileType = wrapper.application; includeInIndex = 0; path = PodDrop.app; sourceTree = BUILT_PRODUCTS_DIR; };
		A8D9E3641BBCA958005B2719 /* AppDelegate.swift */ = {isa = PBXFileReference; lastKnownFileType = sourcecode.swift; path = AppDelegate.swift; sourceTree = "<group>"; };
		A8D9E3681BBCA958005B2719 /* GameViewController.swift */ = {isa = PBXFileReference; lastKnownFileType = sourcecode.swift; path = GameViewController.swift; sourceTree = "<group>"; };
		A8D9E36B1BBCA958005B2719 /* Base */ = {isa = PBXFileReference; lastKnownFileType = file.storyboard; name = Base; path = Base.lproj/Main.storyboard; sourceTree = "<group>"; };
		A8D9E36D1BBCA958005B2719 /* Assets.xcassets */ = {isa = PBXFileReference; lastKnownFileType = folder.assetcatalog; path = Assets.xcassets; sourceTree = "<group>"; };
		A8D9E3701BBCA958005B2719 /* Base */ = {isa = PBXFileReference; lastKnownFileType = file.storyboard; name = Base; path = Base.lproj/LaunchScreen.storyboard; sourceTree = "<group>"; };
		A8D9E3721BBCA958005B2719 /* Info.plist */ = {isa = PBXFileReference; lastKnownFileType = text.plist.xml; path = Info.plist; sourceTree = "<group>"; };
		A8D9E3771BBCA958005B2719 /* PodDropTests.xctest */ = {isa = PBXFileReference; explicitFileType = wrapper.cfbundle; includeInIndex = 0; path = PodDropTests.xctest; sourceTree = BUILT_PRODUCTS_DIR; };
		A8D9E37B1BBCA958005B2719 /* PodDropTests.swift */ = {isa = PBXFileReference; lastKnownFileType = sourcecode.swift; path = PodDropTests.swift; sourceTree = "<group>"; };
		A8D9E37D1BBCA958005B2719 /* Info.plist */ = {isa = PBXFileReference; lastKnownFileType = text.plist.xml; path = Info.plist; sourceTree = "<group>"; };
		AF1C2E4F849D224B546F98EC /* libPods-PodDrop.a */ = {isa = PBXFileReference; explicitFileType = archive.ar; includeInIndex = 0; path = "libPods-PodDrop.a"; sourceTree = BUILT_PRODUCTS_DIR; };
		B5D202FEAF54B6613D562E86 /* Pods-PodDrop.debug.xcconfig */ = {isa = PBXFileReference; includeInIndex = 1; lastKnownFileType = text.xcconfig; name = "Pods-PodDrop.debug.xcconfig"; path = "Pods/Target Support Files/Pods-PodDrop/Pods-PodDrop.debug.xcconfig"; sourceTree = "<group>"; };
/* End PBXFileReference section */

/* Begin PBXFrameworksBuildPhase section */
		A8D9E35E1BBCA958005B2719 /* Frameworks */ = {
			isa = PBXFrameworksBuildPhase;
			buildActionMask = 2147483647;
			files = (
				B325CBDBA58987B77A432DAF /* libPods-PodDrop.a in Frameworks */,
			);
			runOnlyForDeploymentPostprocessing = 0;
		};
		A8D9E3741BBCA958005B2719 /* Frameworks */ = {
			isa = PBXFrameworksBuildPhase;
			buildActionMask = 2147483647;
			files = (
			);
			runOnlyForDeploymentPostprocessing = 0;
		};
/* End PBXFrameworksBuildPhase section */

/* Begin PBXGroup section */
		414A23840F82D31F479755C4 /* Frameworks */ = {
			isa = PBXGroup;
			children = (
				AF1C2E4F849D224B546F98EC /* libPods-PodDrop.a */,
			);
			name = Frameworks;
			sourceTree = "<group>";
		};
		9EDE1F25DE5640B5DDA417ED /* Pods */ = {
			isa = PBXGroup;
			children = (
				B5D202FEAF54B6613D562E86 /* Pods-PodDrop.debug.xcconfig */,
				9D2322ED1718658B8BC6F34A /* Pods-PodDrop.release.xcconfig */,
			);
			name = Pods;
			sourceTree = "<group>";
		};
		A8D9E3581BBCA958005B2719 = {
			isa = PBXGroup;
			children = (
				A8D9E3631BBCA958005B2719 /* PodDrop */,
				A8D9E37A1BBCA958005B2719 /* PodDropTests */,
				A8D9E3621BBCA958005B2719 /* Products */,
				9EDE1F25DE5640B5DDA417ED /* Pods */,
				414A23840F82D31F479755C4 /* Frameworks */,
			);
			sourceTree = "<group>";
		};
		A8D9E3621BBCA958005B2719 /* Products */ = {
			isa = PBXGroup;
			children = (
				A8D9E3611BBCA958005B2719 /* PodDrop.app */,
				A8D9E3771BBCA958005B2719 /* PodDropTests.xctest */,
			);
			name = Products;
			sourceTree = "<group>";
		};
		A8D9E3631BBCA958005B2719 /* PodDrop */ = {
			isa = PBXGroup;
			children = (
				A8D9E3641BBCA958005B2719 /* AppDelegate.swift */,
				A8D9E3681BBCA958005B2719 /* GameViewController.swift */,
				02FCA4511BBF310D00E5BEF5 /* GameScene.swift */,
				14B715831BCDC4FA00E74BCE /* Platform.swift */,
				02C5DC7B1BDD4F020003862D /* Pod.swift */,
				02C5DC7F1BDD572D0003862D /* PodDrop.swift */,
				020FEA801BD2CE3000B97B00 /* Boundary.swift */,
				A8D9E36A1BBCA958005B2719 /* Main.storyboard */,
				A8D9E36D1BBCA958005B2719 /* Assets.xcassets */,
				A8D9E36F1BBCA958005B2719 /* LaunchScreen.storyboard */,
				A8D9E3721BBCA958005B2719 /* Info.plist */,
				A8D07A061BF7ABB100C40A28 /* Bridging-Header.h */,
			);
			path = PodDrop;
			sourceTree = "<group>";
		};
		A8D9E37A1BBCA958005B2719 /* PodDropTests */ = {
			isa = PBXGroup;
			children = (
				A8D9E37B1BBCA958005B2719 /* PodDropTests.swift */,
				A8D9E37D1BBCA958005B2719 /* Info.plist */,
			);
			path = PodDropTests;
			sourceTree = "<group>";
		};
/* End PBXGroup section */

/* Begin PBXNativeTarget section */
		A8D9E3601BBCA958005B2719 /* PodDrop */ = {
			isa = PBXNativeTarget;
			buildConfigurationList = A8D9E38B1BBCA958005B2719 /* Build configuration list for PBXNativeTarget "PodDrop" */;
			buildPhases = (
				32B6CA173276640B2E1234A6 /* Check Pods Manifest.lock */,
				A8D9E35D1BBCA958005B2719 /* Sources */,
				A8D9E35E1BBCA958005B2719 /* Frameworks */,
				A8D9E35F1BBCA958005B2719 /* Resources */,
				3AE95A8D52F46E9A678F1B73 /* Embed Pods Frameworks */,
				93492384E3BF4ACEC40B2417 /* Copy Pods Resources */,
			);
			buildRules = (
			);
			dependencies = (
			);
			name = PodDrop;
			productName = PodDrop;
			productReference = A8D9E3611BBCA958005B2719 /* PodDrop.app */;
			productType = "com.apple.product-type.application";
		};
		A8D9E3761BBCA958005B2719 /* PodDropTests */ = {
			isa = PBXNativeTarget;
			buildConfigurationList = A8D9E38E1BBCA958005B2719 /* Build configuration list for PBXNativeTarget "PodDropTests" */;
			buildPhases = (
				A8D9E3731BBCA958005B2719 /* Sources */,
				A8D9E3741BBCA958005B2719 /* Frameworks */,
				A8D9E3751BBCA958005B2719 /* Resources */,
			);
			buildRules = (
			);
			dependencies = (
				A8D9E3791BBCA958005B2719 /* PBXTargetDependency */,
			);
			name = PodDropTests;
			productName = PodDropTests;
			productReference = A8D9E3771BBCA958005B2719 /* PodDropTests.xctest */;
			productType = "com.apple.product-type.bundle.unit-test";
		};
/* End PBXNativeTarget section */

/* Begin PBXProject section */
		A8D9E3591BBCA958005B2719 /* Project object */ = {
			isa = PBXProject;
			attributes = {
				LastSwiftUpdateCheck = 0710;
				LastUpgradeCheck = 0700;
				ORGANIZATIONNAME = iOSDevCon1;
				TargetAttributes = {
					A8D9E3601BBCA958005B2719 = {
						CreatedOnToolsVersion = 7.0;
					};
					A8D9E3761BBCA958005B2719 = {
						CreatedOnToolsVersion = 7.0;
						DevelopmentTeam = GDB3SZ2MTH;
						TestTargetID = A8D9E3601BBCA958005B2719;
					};
				};
			};
			buildConfigurationList = A8D9E35C1BBCA958005B2719 /* Build configuration list for PBXProject "PodDrop" */;
			compatibilityVersion = "Xcode 3.2";
			developmentRegion = English;
			hasScannedForEncodings = 0;
			knownRegions = (
				en,
				Base,
			);
			mainGroup = A8D9E3581BBCA958005B2719;
			productRefGroup = A8D9E3621BBCA958005B2719 /* Products */;
			projectDirPath = "";
			projectRoot = "";
			targets = (
				A8D9E3601BBCA958005B2719 /* PodDrop */,
				A8D9E3761BBCA958005B2719 /* PodDropTests */,
			);
		};
/* End PBXProject section */

/* Begin PBXResourcesBuildPhase section */
		A8D9E35F1BBCA958005B2719 /* Resources */ = {
			isa = PBXResourcesBuildPhase;
			buildActionMask = 2147483647;
			files = (
				A8D9E3711BBCA958005B2719 /* LaunchScreen.storyboard in Resources */,
				A8D9E36E1BBCA958005B2719 /* Assets.xcassets in Resources */,
				A8D9E36C1BBCA958005B2719 /* Main.storyboard in Resources */,
			);
			runOnlyForDeploymentPostprocessing = 0;
		};
		A8D9E3751BBCA958005B2719 /* Resources */ = {
			isa = PBXResourcesBuildPhase;
			buildActionMask = 2147483647;
			files = (
			);
			runOnlyForDeploymentPostprocessing = 0;
		};
/* End PBXResourcesBuildPhase section */

/* Begin PBXShellScriptBuildPhase section */
		32B6CA173276640B2E1234A6 /* Check Pods Manifest.lock */ = {
			isa = PBXShellScriptBuildPhase;
			buildActionMask = 2147483647;
			files = (
			);
			inputPaths = (
			);
			name = "Check Pods Manifest.lock";
			outputPaths = (
			);
			runOnlyForDeploymentPostprocessing = 0;
			shellPath = /bin/sh;
			shellScript = "diff \"${PODS_ROOT}/../Podfile.lock\" \"${PODS_ROOT}/Manifest.lock\" > /dev/null\nif [[ $? != 0 ]] ; then\n    cat << EOM\nerror: The sandbox is not in sync with the Podfile.lock. Run 'pod install' or update your CocoaPods installation.\nEOM\n    exit 1\nfi\n";
			showEnvVarsInLog = 0;
		};
		3AE95A8D52F46E9A678F1B73 /* Embed Pods Frameworks */ = {
			isa = PBXShellScriptBuildPhase;
			buildActionMask = 2147483647;
			files = (
			);
			inputPaths = (
			);
			name = "Embed Pods Frameworks";
			outputPaths = (
			);
			runOnlyForDeploymentPostprocessing = 0;
			shellPath = /bin/sh;
			shellScript = "\"${SRCROOT}/Pods/Target Support Files/Pods-PodDrop/Pods-PodDrop-frameworks.sh\"\n";
			showEnvVarsInLog = 0;
		};
		93492384E3BF4ACEC40B2417 /* Copy Pods Resources */ = {
			isa = PBXShellScriptBuildPhase;
			buildActionMask = 2147483647;
			files = (
			);
			inputPaths = (
			);
			name = "Copy Pods Resources";
			outputPaths = (
			);
			runOnlyForDeploymentPostprocessing = 0;
			shellPath = /bin/sh;
			shellScript = "\"${SRCROOT}/Pods/Target Support Files/Pods-PodDrop/Pods-PodDrop-resources.sh\"\n";
			showEnvVarsInLog = 0;
		};
/* End PBXShellScriptBuildPhase section */

/* Begin PBXSourcesBuildPhase section */
		A8D9E35D1BBCA958005B2719 /* Sources */ = {
			isa = PBXSourcesBuildPhase;
			buildActionMask = 2147483647;
			files = (
				02FCA4521BBF310D00E5BEF5 /* GameScene.swift in Sources */,
				A8D9E3691BBCA958005B2719 /* GameViewController.swift in Sources */,
				14B715841BCDC4FA00E74BCE /* Platform.swift in Sources */,
				02C5DC7C1BDD4F020003862D /* Pod.swift in Sources */,
				02C5DC801BDD572D0003862D /* PodDrop.swift in Sources */,
				A8D9E3651BBCA958005B2719 /* AppDelegate.swift in Sources */,
				020FEA811BD2CE3000B97B00 /* Boundary.swift in Sources */,
			);
			runOnlyForDeploymentPostprocessing = 0;
		};
		A8D9E3731BBCA958005B2719 /* Sources */ = {
			isa = PBXSourcesBuildPhase;
			buildActionMask = 2147483647;
			files = (
				A8D9E37C1BBCA958005B2719 /* PodDropTests.swift in Sources */,
			);
			runOnlyForDeploymentPostprocessing = 0;
		};
/* End PBXSourcesBuildPhase section */

/* Begin PBXTargetDependency section */
		A8D9E3791BBCA958005B2719 /* PBXTargetDependency */ = {
			isa = PBXTargetDependency;
			target = A8D9E3601BBCA958005B2719 /* PodDrop */;
			targetProxy = A8D9E3781BBCA958005B2719 /* PBXContainerItemProxy */;
		};
/* End PBXTargetDependency section */

/* Begin PBXVariantGroup section */
		A8D9E36A1BBCA958005B2719 /* Main.storyboard */ = {
			isa = PBXVariantGroup;
			children = (
				A8D9E36B1BBCA958005B2719 /* Base */,
			);
			name = Main.storyboard;
			sourceTree = "<group>";
		};
		A8D9E36F1BBCA958005B2719 /* LaunchScreen.storyboard */ = {
			isa = PBXVariantGroup;
			children = (
				A8D9E3701BBCA958005B2719 /* Base */,
			);
			name = LaunchScreen.storyboard;
			sourceTree = "<group>";
		};
/* End PBXVariantGroup section */

/* Begin XCBuildConfiguration section */
		A8D9E3891BBCA958005B2719 /* Debug */ = {
			isa = XCBuildConfiguration;
			buildSettings = {
				ALWAYS_SEARCH_USER_PATHS = NO;
				CLANG_CXX_LANGUAGE_STANDARD = "gnu++0x";
				CLANG_CXX_LIBRARY = "libc++";
				CLANG_ENABLE_MODULES = YES;
				CLANG_ENABLE_OBJC_ARC = YES;
				CLANG_WARN_BOOL_CONVERSION = YES;
				CLANG_WARN_CONSTANT_CONVERSION = YES;
				CLANG_WARN_DIRECT_OBJC_ISA_USAGE = YES_ERROR;
				CLANG_WARN_EMPTY_BODY = YES;
				CLANG_WARN_ENUM_CONVERSION = YES;
				CLANG_WARN_INT_CONVERSION = YES;
				CLANG_WARN_OBJC_ROOT_CLASS = YES_ERROR;
				CLANG_WARN_UNREACHABLE_CODE = YES;
				CLANG_WARN__DUPLICATE_METHOD_MATCH = YES;
				"CODE_SIGN_IDENTITY[sdk=iphoneos*]" = "iPhone Developer";
				COPY_PHASE_STRIP = NO;
				DEBUG_INFORMATION_FORMAT = "dwarf-with-dsym";
				ENABLE_STRICT_OBJC_MSGSEND = YES;
				ENABLE_TESTABILITY = YES;
				GCC_C_LANGUAGE_STANDARD = gnu99;
				GCC_DYNAMIC_NO_PIC = NO;
				GCC_NO_COMMON_BLOCKS = YES;
				GCC_OPTIMIZATION_LEVEL = 0;
				GCC_PREPROCESSOR_DEFINITIONS = (
					"DEBUG=1",
					"$(inherited)",
				);
				GCC_WARN_64_TO_32_BIT_CONVERSION = YES;
				GCC_WARN_ABOUT_RETURN_TYPE = YES_ERROR;
				GCC_WARN_UNDECLARED_SELECTOR = YES;
				GCC_WARN_UNINITIALIZED_AUTOS = YES_AGGRESSIVE;
				GCC_WARN_UNUSED_FUNCTION = YES;
				GCC_WARN_UNUSED_VARIABLE = YES;
				IPHONEOS_DEPLOYMENT_TARGET = 9.0;
				MTL_ENABLE_DEBUG_INFO = YES;
				ONLY_ACTIVE_ARCH = YES;
				SDKROOT = iphoneos;
				SWIFT_OBJC_BRIDGING_HEADER = "PodDrop/Bridging-Header.h";
				SWIFT_OPTIMIZATION_LEVEL = "-Onone";
			};
			name = Debug;
		};
		A8D9E38A1BBCA958005B2719 /* Release */ = {
			isa = XCBuildConfiguration;
			buildSettings = {
				ALWAYS_SEARCH_USER_PATHS = NO;
				CLANG_CXX_LANGUAGE_STANDARD = "gnu++0x";
				CLANG_CXX_LIBRARY = "libc++";
				CLANG_ENABLE_MODULES = YES;
				CLANG_ENABLE_OBJC_ARC = YES;
				CLANG_WARN_BOOL_CONVERSION = YES;
				CLANG_WARN_CONSTANT_CONVERSION = YES;
				CLANG_WARN_DIRECT_OBJC_ISA_USAGE = YES_ERROR;
				CLANG_WARN_EMPTY_BODY = YES;
				CLANG_WARN_ENUM_CONVERSION = YES;
				CLANG_WARN_INT_CONVERSION = YES;
				CLANG_WARN_OBJC_ROOT_CLASS = YES_ERROR;
				CLANG_WARN_UNREACHABLE_CODE = YES;
				CLANG_WARN__DUPLICATE_METHOD_MATCH = YES;
				"CODE_SIGN_IDENTITY[sdk=iphoneos*]" = "iPhone Developer";
				COPY_PHASE_STRIP = NO;
				DEBUG_INFORMATION_FORMAT = "dwarf-with-dsym";
				ENABLE_NS_ASSERTIONS = NO;
				ENABLE_STRICT_OBJC_MSGSEND = YES;
				GCC_C_LANGUAGE_STANDARD = gnu99;
				GCC_NO_COMMON_BLOCKS = YES;
				GCC_WARN_64_TO_32_BIT_CONVERSION = YES;
				GCC_WARN_ABOUT_RETURN_TYPE = YES_ERROR;
				GCC_WARN_UNDECLARED_SELECTOR = YES;
				GCC_WARN_UNINITIALIZED_AUTOS = YES_AGGRESSIVE;
				GCC_WARN_UNUSED_FUNCTION = YES;
				GCC_WARN_UNUSED_VARIABLE = YES;
				IPHONEOS_DEPLOYMENT_TARGET = 9.0;
				MTL_ENABLE_DEBUG_INFO = NO;
				SDKROOT = iphoneos;
				SWIFT_OBJC_BRIDGING_HEADER = "PodDrop/Bridging-Header.h";
				VALIDATE_PRODUCT = YES;
			};
			name = Release;
		};
		A8D9E38C1BBCA958005B2719 /* Debug */ = {
			isa = XCBuildConfiguration;
			baseConfigurationReference = B5D202FEAF54B6613D562E86 /* Pods-PodDrop.debug.xcconfig */;
			buildSettings = {
				ASSETCATALOG_COMPILER_APPICON_NAME = AppIcon;
				CODE_SIGN_IDENTITY = "iPhone Developer";
				"CODE_SIGN_IDENTITY[sdk=iphoneos*]" = "iPhone Developer";
				INFOPLIST_FILE = PodDrop/Info.plist;
				LD_RUNPATH_SEARCH_PATHS = "$(inherited) @executable_path/Frameworks";
				PRODUCT_BUNDLE_IDENTIFIER = com.iOSDevCon1.PodDrop;
				PRODUCT_NAME = "$(TARGET_NAME)";
				PROVISIONING_PROFILE = "";
				SWIFT_OBJC_BRIDGING_HEADER = "PodDrop/Bridging-Header.h";
			};
			name = Debug;
		};
		A8D9E38D1BBCA958005B2719 /* Release */ = {
			isa = XCBuildConfiguration;
			baseConfigurationReference = 9D2322ED1718658B8BC6F34A /* Pods-PodDrop.release.xcconfig */;
			buildSettings = {
				ASSETCATALOG_COMPILER_APPICON_NAME = AppIcon;
				CODE_SIGN_IDENTITY = "iPhone Developer";
				"CODE_SIGN_IDENTITY[sdk=iphoneos*]" = "iPhone Developer";
				INFOPLIST_FILE = PodDrop/Info.plist;
				LD_RUNPATH_SEARCH_PATHS = "$(inherited) @executable_path/Frameworks";
				PRODUCT_BUNDLE_IDENTIFIER = com.iOSDevCon1.PodDrop;
				PRODUCT_NAME = "$(TARGET_NAME)";
				PROVISIONING_PROFILE = "";
				SWIFT_OBJC_BRIDGING_HEADER = "PodDrop/Bridging-Header.h";
			};
			name = Release;
		};
		A8D9E38F1BBCA958005B2719 /* Debug */ = {
			isa = XCBuildConfiguration;
			baseConfigurationReference = B5D202FEAF54B6613D562E86 /* Pods-PodDrop.debug.xcconfig */;
			buildSettings = {
				BUNDLE_LOADER = "$(TEST_HOST)";
				DEBUG_INFORMATION_FORMAT = dwarf;
				INFOPLIST_FILE = PodDropTests/Info.plist;
				LD_RUNPATH_SEARCH_PATHS = "$(inherited) @executable_path/Frameworks @loader_path/Frameworks";
				PRODUCT_BUNDLE_IDENTIFIER = HAM.PodDropTests;
				PRODUCT_NAME = "$(TARGET_NAME)";
				TEST_HOST = "$(BUILT_PRODUCTS_DIR)/PodDrop.app/PodDrop";
			};
			name = Debug;
		};
		A8D9E3901BBCA958005B2719 /* Release */ = {
			isa = XCBuildConfiguration;
			baseConfigurationReference = 9D2322ED1718658B8BC6F34A /* Pods-PodDrop.release.xcconfig */;
			buildSettings = {
				BUNDLE_LOADER = "$(TEST_HOST)";
				INFOPLIST_FILE = PodDropTests/Info.plist;
				LD_RUNPATH_SEARCH_PATHS = "$(inherited) @executable_path/Frameworks @loader_path/Frameworks";
				PRODUCT_BUNDLE_IDENTIFIER = HAM.PodDropTests;
				PRODUCT_NAME = "$(TARGET_NAME)";
				TEST_HOST = "$(BUILT_PRODUCTS_DIR)/PodDrop.app/PodDrop";
			};
			name = Release;
		};
/* End XCBuildConfiguration section */

/* Begin XCConfigurationList section */
		A8D9E35C1BBCA958005B2719 /* Build configuration list for PBXProject "PodDrop" */ = {
			isa = XCConfigurationList;
			buildConfigurations = (
				A8D9E3891BBCA958005B2719 /* Debug */,
				A8D9E38A1BBCA958005B2719 /* Release */,
			);
			defaultConfigurationIsVisible = 0;
			defaultConfigurationName = Release;
		};
		A8D9E38B1BBCA958005B2719 /* Build configuration list for PBXNativeTarget "PodDrop" */ = {
			isa = XCConfigurationList;
			buildConfigurations = (
				A8D9E38C1BBCA958005B2719 /* Debug */,
				A8D9E38D1BBCA958005B2719 /* Release */,
			);
			defaultConfigurationIsVisible = 0;
			defaultConfigurationName = Release;
		};
		A8D9E38E1BBCA958005B2719 /* Build configuration list for PBXNativeTarget "PodDropTests" */ = {
			isa = XCConfigurationList;
			buildConfigurations = (
				A8D9E38F1BBCA958005B2719 /* Debug */,
				A8D9E3901BBCA958005B2719 /* Release */,
			);
			defaultConfigurationIsVisible = 0;
			defaultConfigurationName = Release;
		};
/* End XCConfigurationList section */
	};
	rootObject = A8D9E3591BBCA958005B2719 /* Project object */;
}
